
Microsoft Visual Studio Solution File, Format Version 12.00
# Visual Studio Version 16
VisualStudioVersion = 16.0.30711.63
MinimumVisualStudioVersion = 10.0.40219.1
Project("{FAE04EC0-301F-11D3-BF4B-00C04F79EFBC}") = "Support Helper v2", "Support Helper v2\Support Helper v2.csproj", "{969A7664-31CB-455D-99E9-31117A612F13}"
EndProject
Global
	GlobalSection(SolutionConfigurationPlatforms) = preSolution
		Debug|Any CPU = Debug|Any CPU
		Release|Any CPU = Release|Any CPU
	EndGlobalSection
	GlobalSection(ProjectConfigurationPlatforms) = postSolution
		{969A7664-31CB-455D-99E9-31117A612F13}.Debug|Any CPU.ActiveCfg = Debug|Any CPU
		{969A7664-31CB-455D-99E9-31117A612F13}.Debug|Any CPU.Build.0 = Debug|Any CPU
		{969A7664-31CB-455D-99E9-31117A612F13}.Release|Any CPU.ActiveCfg = Release|Any CPU
		{969A7664-31CB-455D-99E9-31117A612F13}.Release|Any CPU.Build.0 = Release|Any CPU
	EndGlobalSection
	GlobalSection(SolutionProperties) = preSolution
		HideSolutionNode = FALSE
	EndGlobalSection
	GlobalSection(ExtensibilityGlobals) = postSolution
		SolutionGuid = {8F0E8709-8E4F-4FCC-BE9B-CB983D901B4E}
	EndGlobalSection
EndGlobal
